
Microsoft Visual Studio Solution File, Format Version 12.00
# Visual Studio Version 17
VisualStudioVersion = 17.10.35122.118
MinimumVisualStudioVersion = 10.0.40219.1
Project("{FAE04EC0-301F-11D3-BF4B-00C04F79EFBC}") = "AliyunDnsManager", "AliyunDnsManager.csproj", "{A756F445-81DB-4D61-BC7C-9101E9B98280}"
EndProject
Global
	GlobalSection(SolutionConfigurationPlatforms) = preSolution
		Debug|Any CPU = Debug|Any CPU
		Release|Any CPU = Release|Any CPU
	EndGlobalSection
	GlobalSection(ProjectConfigurationPlatforms) = postSolution
		{A756F445-81DB-4D61-BC7C-9101E9B98280}.Debug|Any CPU.ActiveCfg = Debug|Any CPU
		{A756F445-81DB-4D61-BC7C-9101E9B98280}.Debug|Any CPU.Build.0 = Debug|Any CPU
		{A756F445-81DB-4D61-BC7C-9101E9B98280}.Release|Any CPU.ActiveCfg = Release|Any CPU
		{A756F445-81DB-4D61-BC7C-9101E9B98280}.Release|Any CPU.Build.0 = Release|Any CPU
	EndGlobalSection
	GlobalSection(SolutionProperties) = preSolution
		HideSolutionNode = FALSE
	EndGlobalSection
	GlobalSection(ExtensibilityGlobals) = postSolution
		SolutionGuid = {B41617C9-E903-45EF-A111-AC62B0475BF4}
	EndGlobalSection
EndGlobal
